{
  "originHash" : "fec33e31a0db89d6b395721c853f0ef51e23853df6f52b5209e7b75608d50ac3",
  "pins" : [
    {
      "identity" : "swift-rich-html-editor",
      "kind" : "remoteSourceControl",
      "location" : "git@github.com:Infomaniak/swift-rich-html-editor.git",
      "state" : {
        "branch" : "main",
        "revision" : "eba94eddbb0a0e57ee78227ef790e7ecc02148ce"
      }
    }
  ],
  "version" : 3
}
