{
  "originHash" : "388ab5b28d94248ac91d70a91ddcf17e4989b657943badfa737a4328b759cd67",
  "pins" : [
    {
      "identity" : "swift-rich-html-editor",
      "kind" : "remoteSourceControl",
      "location" : "https://github.com/Infomaniak/swift-rich-html-editor",
      "state" : {
        "branch" : "main",
        "revision" : "eba94eddbb0a0e57ee78227ef790e7ecc02148ce"
      }
    }
  ],
  "version" : 3
}
